{
  "name": "locustjs-storage",
  "version": "1.0.0",
  "lockfileVersion": 1,
  "requires": true,
  "dependencies": {
    "locustjs-base": {
      "version": "1.0.12",
      "resolved": "https://registry.npmjs.org/locustjs-base/-/locustjs-base-1.0.12.tgz",
      "integrity": "sha512-6uVuErbsSPTynQ9Qo3a1Eo9LieVZaxp4obLvzozNkHA+A6z+uShkWBdrto7Er8UpPC3Qxlw4fCfqQiP8vs697w=="
    },
    "locustjs-exception": {
      "version": "1.0.2",
      "resolved": "https://registry.npmjs.org/locustjs-exception/-/locustjs-exception-1.0.2.tgz",
      "integrity": "sha512-B3WvoixE7l+Ja1ntZ61qQ6CDbjv0ZZKE+g3znSryly0nbZRYUpXvnJu0L5WLVGLPYiaFU16rAU51S4t81u17bg==",
      "requires": {
        "locustjs-base": "^1.0.9"
      }
    }
  }
}
